
Microsoft Visual Studio Solution File, Format Version 12.00
# Visual Studio 15
VisualStudioVersion = 15.0.34031.82
MinimumVisualStudioVersion = 10.0.40219.1
Project("{FAE04EC0-301F-11D3-BF4B-00C04F79EFBC}") = "Snake", "Snake\Snake.csproj", "{D76D4FB9-BB14-4278-9385-5F10C4B41681}"
EndProject
Global
	GlobalSection(SolutionConfigurationPlatforms) = preSolution
		Debug|Any CPU = Debug|Any CPU
		Release|Any CPU = Release|Any CPU
	EndGlobalSection
	GlobalSection(ProjectConfigurationPlatforms) = postSolution
		{D76D4FB9-BB14-4278-9385-5F10C4B41681}.Debug|Any CPU.ActiveCfg = Debug|Any CPU
		{D76D4FB9-BB14-4278-9385-5F10C4B41681}.Debug|Any CPU.Build.0 = Debug|Any CPU
		{D76D4FB9-BB14-4278-9385-5F10C4B41681}.Release|Any CPU.ActiveCfg = Release|Any CPU
		{D76D4FB9-BB14-4278-9385-5F10C4B41681}.Release|Any CPU.Build.0 = Release|Any CPU
	EndGlobalSection
	GlobalSection(SolutionProperties) = preSolution
		HideSolutionNode = FALSE
	EndGlobalSection
	GlobalSection(ExtensibilityGlobals) = postSolution
		SolutionGuid = {BC45FAF9-2726-457D-A89E-BEA0B0B02E32}
	EndGlobalSection
EndGlobal
